
Microsoft Visual Studio Solution File, Format Version 12.00
# Visual Studio Version 17
VisualStudioVersion = 17.5.002.0
MinimumVisualStudioVersion = 10.0.40219.1
Project("{9A19103F-16F7-4668-BE54-9A1E7A4F7556}") = "ServeBook-Backend", "ServeBook-Backend.csproj", "{6913BC50-C24E-4FC1-B657-D8DC737AD178}"
EndProject
Global
	GlobalSection(SolutionConfigurationPlatforms) = preSolution
		Debug|Any CPU = Debug|Any CPU
		Release|Any CPU = Release|Any CPU
	EndGlobalSection
	GlobalSection(ProjectConfigurationPlatforms) = postSolution
		{6913BC50-C24E-4FC1-B657-D8DC737AD178}.Debug|Any CPU.ActiveCfg = Debug|Any CPU
		{6913BC50-C24E-4FC1-B657-D8DC737AD178}.Debug|Any CPU.Build.0 = Debug|Any CPU
		{6913BC50-C24E-4FC1-B657-D8DC737AD178}.Release|Any CPU.ActiveCfg = Release|Any CPU
		{6913BC50-C24E-4FC1-B657-D8DC737AD178}.Release|Any CPU.Build.0 = Release|Any CPU
	EndGlobalSection
	GlobalSection(SolutionProperties) = preSolution
		HideSolutionNode = FALSE
	EndGlobalSection
	GlobalSection(ExtensibilityGlobals) = postSolution
		SolutionGuid = {97EAB26A-41F0-49E3-AE08-77DD4BA1FF21}
	EndGlobalSection
EndGlobal
